
Microsoft Visual Studio Solution File, Format Version 12.00
Project("{FAE04EC0-301F-11D3-BF4B-00C04F79EFBC}") = "Core", "Core\Core.csproj", "{A76A4133-6C19-4E6C-8D36-F62AEF5DFC8B}"
EndProject
Project("{FAE04EC0-301F-11D3-BF4B-00C04F79EFBC}") = "Tests", "Tests\Tests.csproj", "{C183A28B-D31E-457B-B9C6-D60D47042473}"
EndProject
Global
	GlobalSection(SolutionConfigurationPlatforms) = preSolution
		Debug|Any CPU = Debug|Any CPU
		Release|Any CPU = Release|Any CPU
	EndGlobalSection
	GlobalSection(ProjectConfigurationPlatforms) = postSolution
		{A76A4133-6C19-4E6C-8D36-F62AEF5DFC8B}.Debug|Any CPU.ActiveCfg = Debug|Any CPU
		{A76A4133-6C19-4E6C-8D36-F62AEF5DFC8B}.Debug|Any CPU.Build.0 = Debug|Any CPU
		{A76A4133-6C19-4E6C-8D36-F62AEF5DFC8B}.Release|Any CPU.ActiveCfg = Release|Any CPU
		{A76A4133-6C19-4E6C-8D36-F62AEF5DFC8B}.Release|Any CPU.Build.0 = Release|Any CPU
		{C183A28B-D31E-457B-B9C6-D60D47042473}.Debug|Any CPU.ActiveCfg = Debug|Any CPU
		{C183A28B-D31E-457B-B9C6-D60D47042473}.Debug|Any CPU.Build.0 = Debug|Any CPU
		{C183A28B-D31E-457B-B9C6-D60D47042473}.Release|Any CPU.ActiveCfg = Release|Any CPU
		{C183A28B-D31E-457B-B9C6-D60D47042473}.Release|Any CPU.Build.0 = Release|Any CPU
	EndGlobalSection
EndGlobal
